
Microsoft Visual Studio Solution File, Format Version 12.00
# Visual Studio Version 16
VisualStudioVersion = 16.0.29613.14
MinimumVisualStudioVersion = 10.0.40219.1
Project("{9A19103F-16F7-4668-BE54-9A1E7A4F7556}") = "GenaratorEntity", "SendExcelComparePrice\GenaratorEntity.csproj", "{C69B1FF4-C0B4-465E-841B-B871E338A92C}"
EndProject
Global
	GlobalSection(SolutionConfigurationPlatforms) = preSolution
		Debug|Any CPU = Debug|Any CPU
		Release|Any CPU = Release|Any CPU
	EndGlobalSection
	GlobalSection(ProjectConfigurationPlatforms) = postSolution
		{C69B1FF4-C0B4-465E-841B-B871E338A92C}.Debug|Any CPU.ActiveCfg = Debug|Any CPU
		{C69B1FF4-C0B4-465E-841B-B871E338A92C}.Debug|Any CPU.Build.0 = Debug|Any CPU
		{C69B1FF4-C0B4-465E-841B-B871E338A92C}.Release|Any CPU.ActiveCfg = Release|Any CPU
		{C69B1FF4-C0B4-465E-841B-B871E338A92C}.Release|Any CPU.Build.0 = Release|Any CPU
	EndGlobalSection
	GlobalSection(SolutionProperties) = preSolution
		HideSolutionNode = FALSE
	EndGlobalSection
	GlobalSection(ExtensibilityGlobals) = postSolution
		SolutionGuid = {B2C155A8-911A-4459-B35E-9A1527F78554}
	EndGlobalSection
EndGlobal
